
Microsoft Visual Studio Solution File, Format Version 12.00
Project("{FAE04EC0-301F-11D3-BF4B-00C04F79EFBC}") = "Nas.Web", "Nas.Web\Nas.Web.csproj", "{89BC55F5-F6AC-49CF-B56B-78B9A4030281}"
EndProject
Project("{FAE04EC0-301F-11D3-BF4B-00C04F79EFBC}") = "Nas.Data", "Nas.Data\Nas.Data.csproj", "{D1FECB87-56E8-4C60-94A0-1CB952443DB9}"
EndProject
Project("{FAE04EC0-301F-11D3-BF4B-00C04F79EFBC}") = "Nas.Models", "Nas.Models\Nas.Models.csproj", "{F172AA1E-609C-4E25-874A-8077B572B438}"
EndProject
Project("{FAE04EC0-301F-11D3-BF4B-00C04F79EFBC}") = "Nas.Services", "Nas.Services\Nas.Services.csproj", "{ACC1067D-1D6F-4C73-8B23-A8CD0A5F8597}"
EndProject
Global
	GlobalSection(SolutionConfigurationPlatforms) = preSolution
		Debug|Any CPU = Debug|Any CPU
		Release|Any CPU = Release|Any CPU
	EndGlobalSection
	GlobalSection(ProjectConfigurationPlatforms) = postSolution
		{89BC55F5-F6AC-49CF-B56B-78B9A4030281}.Debug|Any CPU.ActiveCfg = Debug|Any CPU
		{89BC55F5-F6AC-49CF-B56B-78B9A4030281}.Debug|Any CPU.Build.0 = Debug|Any CPU
		{89BC55F5-F6AC-49CF-B56B-78B9A4030281}.Release|Any CPU.ActiveCfg = Release|Any CPU
		{89BC55F5-F6AC-49CF-B56B-78B9A4030281}.Release|Any CPU.Build.0 = Release|Any CPU
		{D1FECB87-56E8-4C60-94A0-1CB952443DB9}.Debug|Any CPU.ActiveCfg = Debug|Any CPU
		{D1FECB87-56E8-4C60-94A0-1CB952443DB9}.Debug|Any CPU.Build.0 = Debug|Any CPU
		{D1FECB87-56E8-4C60-94A0-1CB952443DB9}.Release|Any CPU.ActiveCfg = Release|Any CPU
		{D1FECB87-56E8-4C60-94A0-1CB952443DB9}.Release|Any CPU.Build.0 = Release|Any CPU
		{F172AA1E-609C-4E25-874A-8077B572B438}.Debug|Any CPU.ActiveCfg = Debug|Any CPU
		{F172AA1E-609C-4E25-874A-8077B572B438}.Debug|Any CPU.Build.0 = Debug|Any CPU
		{F172AA1E-609C-4E25-874A-8077B572B438}.Release|Any CPU.ActiveCfg = Release|Any CPU
		{F172AA1E-609C-4E25-874A-8077B572B438}.Release|Any CPU.Build.0 = Release|Any CPU
		{ACC1067D-1D6F-4C73-8B23-A8CD0A5F8597}.Debug|Any CPU.ActiveCfg = Debug|Any CPU
		{ACC1067D-1D6F-4C73-8B23-A8CD0A5F8597}.Debug|Any CPU.Build.0 = Debug|Any CPU
		{ACC1067D-1D6F-4C73-8B23-A8CD0A5F8597}.Release|Any CPU.ActiveCfg = Release|Any CPU
		{ACC1067D-1D6F-4C73-8B23-A8CD0A5F8597}.Release|Any CPU.Build.0 = Release|Any CPU
	EndGlobalSection
EndGlobal
